
Microsoft Visual Studio Solution File, Format Version 12.00
# Visual Studio Version 16
VisualStudioVersion = 16.0.30907.101
MinimumVisualStudioVersion = 10.0.40219.1
Project("{FAE04EC0-301F-11D3-BF4B-00C04F79EFBC}") = "battleship_web_C", "battleship_web_C\battleship_web_C.csproj", "{516ED0F0-4CEA-4E2E-A175-8764848A752A}"
EndProject
Global
	GlobalSection(SolutionConfigurationPlatforms) = preSolution
		Debug|Any CPU = Debug|Any CPU
		Release|Any CPU = Release|Any CPU
	EndGlobalSection
	GlobalSection(ProjectConfigurationPlatforms) = postSolution
		{516ED0F0-4CEA-4E2E-A175-8764848A752A}.Debug|Any CPU.ActiveCfg = Debug|Any CPU
		{516ED0F0-4CEA-4E2E-A175-8764848A752A}.Debug|Any CPU.Build.0 = Debug|Any CPU
		{516ED0F0-4CEA-4E2E-A175-8764848A752A}.Release|Any CPU.ActiveCfg = Release|Any CPU
		{516ED0F0-4CEA-4E2E-A175-8764848A752A}.Release|Any CPU.Build.0 = Release|Any CPU
	EndGlobalSection
	GlobalSection(SolutionProperties) = preSolution
		HideSolutionNode = FALSE
	EndGlobalSection
	GlobalSection(ExtensibilityGlobals) = postSolution
		SolutionGuid = {5950D228-A055-4BC5-930F-C423CA426E5D}
	EndGlobalSection
EndGlobal
